
Microsoft Visual Studio Solution File, Format Version 10.00
# Visual Studio 2008
Project("{FAE04EC0-301F-11D3-BF4B-00C04F79EFBC}") = "TweetStation", "TweetStation\TweetStation.csproj", "{7C7D3161-2DFB-4201-B70E-88ACD3976AA9}"
EndProject
Project("{FAE04EC0-301F-11D3-BF4B-00C04F79EFBC}") = "MonoTouch.Dialog", "..\MonoTouch.Dialog\MonoTouch.Dialog\MonoTouch.Dialog.csproj", "{3FFBFFF8-5560-4EDE-82E5-3FFDFBBA8A50}"
EndProject
Global
	GlobalSection(SolutionConfigurationPlatforms) = preSolution
		Debug|iPhoneSimulator = Debug|iPhoneSimulator
		Release|iPhoneSimulator = Release|iPhoneSimulator
		Debug|iPhone = Debug|iPhone
		Release|iPhone = Release|iPhone
	EndGlobalSection
	GlobalSection(ProjectConfigurationPlatforms) = postSolution
		{3FFBFFF8-5560-4EDE-82E5-3FFDFBBA8A50}.Debug|iPhone.ActiveCfg = Debug|iPhone
		{3FFBFFF8-5560-4EDE-82E5-3FFDFBBA8A50}.Debug|iPhone.Build.0 = Debug|iPhone
		{3FFBFFF8-5560-4EDE-82E5-3FFDFBBA8A50}.Debug|iPhoneSimulator.ActiveCfg = Debug|iPhoneSimulator
		{3FFBFFF8-5560-4EDE-82E5-3FFDFBBA8A50}.Debug|iPhoneSimulator.Build.0 = Debug|iPhoneSimulator
		{3FFBFFF8-5560-4EDE-82E5-3FFDFBBA8A50}.Release|iPhone.ActiveCfg = Release|iPhone
		{3FFBFFF8-5560-4EDE-82E5-3FFDFBBA8A50}.Release|iPhone.Build.0 = Release|iPhone
		{3FFBFFF8-5560-4EDE-82E5-3FFDFBBA8A50}.Release|iPhoneSimulator.ActiveCfg = Release|iPhoneSimulator
		{3FFBFFF8-5560-4EDE-82E5-3FFDFBBA8A50}.Release|iPhoneSimulator.Build.0 = Release|iPhoneSimulator
		{7C7D3161-2DFB-4201-B70E-88ACD3976AA9}.Debug|iPhone.ActiveCfg = Debug|iPhone
		{7C7D3161-2DFB-4201-B70E-88ACD3976AA9}.Debug|iPhone.Build.0 = Debug|iPhone
		{7C7D3161-2DFB-4201-B70E-88ACD3976AA9}.Debug|iPhoneSimulator.ActiveCfg = Debug|iPhoneSimulator
		{7C7D3161-2DFB-4201-B70E-88ACD3976AA9}.Debug|iPhoneSimulator.Build.0 = Debug|iPhoneSimulator
		{7C7D3161-2DFB-4201-B70E-88ACD3976AA9}.Release|iPhone.ActiveCfg = Release|iPhone
		{7C7D3161-2DFB-4201-B70E-88ACD3976AA9}.Release|iPhone.Build.0 = Release|iPhone
		{7C7D3161-2DFB-4201-B70E-88ACD3976AA9}.Release|iPhoneSimulator.ActiveCfg = Release|iPhoneSimulator
		{7C7D3161-2DFB-4201-B70E-88ACD3976AA9}.Release|iPhoneSimulator.Build.0 = Release|iPhoneSimulator
	EndGlobalSection
	GlobalSection(MonoDevelopProperties) = preSolution
		StartupItem = TweetStation\TweetStation.csproj
	EndGlobalSection
EndGlobal
